
Microsoft Visual Studio Solution File, Format Version 12.00
# Visual Studio Version 16
VisualStudioVersion = 16.0.30907.101
MinimumVisualStudioVersion = 10.0.40219.1
Project("{FAE04EC0-301F-11D3-BF4B-00C04F79EFBC}") = "bahisoyunu", "bahisoyunu\bahisoyunu.csproj", "{AB527FF2-FB9B-4DA8-9257-9172D3D928F5}"
EndProject
Global
	GlobalSection(SolutionConfigurationPlatforms) = preSolution
		Debug|Any CPU = Debug|Any CPU
		Release|Any CPU = Release|Any CPU
	EndGlobalSection
	GlobalSection(ProjectConfigurationPlatforms) = postSolution
		{AB527FF2-FB9B-4DA8-9257-9172D3D928F5}.Debug|Any CPU.ActiveCfg = Debug|Any CPU
		{AB527FF2-FB9B-4DA8-9257-9172D3D928F5}.Debug|Any CPU.Build.0 = Debug|Any CPU
		{AB527FF2-FB9B-4DA8-9257-9172D3D928F5}.Release|Any CPU.ActiveCfg = Release|Any CPU
		{AB527FF2-FB9B-4DA8-9257-9172D3D928F5}.Release|Any CPU.Build.0 = Release|Any CPU
	EndGlobalSection
	GlobalSection(SolutionProperties) = preSolution
		HideSolutionNode = FALSE
	EndGlobalSection
	GlobalSection(ExtensibilityGlobals) = postSolution
		SolutionGuid = {6FDBE0CF-3503-496C-A655-236C1E72B095}
	EndGlobalSection
EndGlobal
